// !$*UTF8*$!
{
	archiveVersion = 1;
	classes = {
	};
	objectVersion = 50;
	objects = {

/* Begin PBXBuildFile section */
		CA11571F24E6FD2F004BC67B /* Shopping.storyboard in Resources */ = {isa = PBXBuildFile; fileRef = CA11571E24E6FD2F004BC67B /* Shopping.storyboard */; };
		CAFCB53224E47BE0000A5AFF /* AppDelegate.swift in Sources */ = {isa = PBXBuildFile; fileRef = CAFCB53124E47BE0000A5AFF /* AppDelegate.swift */; };
		CAFCB53424E47BE0000A5AFF /* SceneDelegate.swift in Sources */ = {isa = PBXBuildFile; fileRef = CAFCB53324E47BE0000A5AFF /* SceneDelegate.swift */; };
		CAFCB53624E47BE0000A5AFF /* ViewController.swift in Sources */ = {isa = PBXBuildFile; fileRef = CAFCB53524E47BE0000A5AFF /* ViewController.swift */; };
		CAFCB53924E47BE0000A5AFF /* Main.storyboard in Resources */ = {isa = PBXBuildFile; fileRef = CAFCB53724E47BE0000A5AFF /* Main.storyboard */; };
		CAFCB53B24E47BE3000A5AFF /* Assets.xcassets in Resources */ = {isa = PBXBuildFile; fileRef = CAFCB53A24E47BE3000A5AFF /* Assets.xcassets */; };
		CAFCB53E24E47BE3000A5AFF /* LaunchScreen.storyboard in Resources */ = {isa = PBXBuildFile; fileRef = CAFCB53C24E47BE3000A5AFF /* LaunchScreen.storyboard */; };
		CAFCB54924E47BE3000A5AFF /* iOS_PracticeTests.swift in Sources */ = {isa = PBXBuildFile; fileRef = CAFCB54824E47BE3000A5AFF /* iOS_PracticeTests.swift */; };
		CAFCB55424E47BE3000A5AFF /* iOS_PracticeUITests.swift in Sources */ = {isa = PBXBuildFile; fileRef = CAFCB55324E47BE3000A5AFF /* iOS_PracticeUITests.swift */; };
		CAFCB56324E47C5C000A5AFF /* FlypWelcome.storyboard in Resources */ = {isa = PBXBuildFile; fileRef = CAFCB56224E47C5C000A5AFF /* FlypWelcome.storyboard */; };
/* End PBXBuildFile section */

/* Begin PBXContainerItemProxy section */
		CAFCB54524E47BE3000A5AFF /* PBXContainerItemProxy */ = {
			isa = PBXContainerItemProxy;
			containerPortal = CAFCB52624E47BE0000A5AFF /* Project object */;
			proxyType = 1;
			remoteGlobalIDString = CAFCB52D24E47BE0000A5AFF;
			remoteInfo = "iOS-Practice";
		};
		CAFCB55024E47BE3000A5AFF /* PBXContainerItemProxy */ = {
			isa = PBXContainerItemProxy;
			containerPortal = CAFCB52624E47BE0000A5AFF /* Project object */;
			proxyType = 1;
			remoteGlobalIDString = CAFCB52D24E47BE0000A5AFF;
			remoteInfo = "iOS-Practice";
		};
/* End PBXContainerItemProxy section */

/* Begin PBXFileReference section */
		CA11571E24E6FD2F004BC67B /* Shopping.storyboard */ = {isa = PBXFileReference; lastKnownFileType = file.storyboard; path = Shopping.storyboard; sourceTree = "<group>"; };
		CAFCB52E24E47BE0000A5AFF /* iOS-Practice.app */ = {isa = PBXFileReference; explicitFileType = wrapper.application; includeInIndex = 0; path = "iOS-Practice.app"; sourceTree = BUILT_PRODUCTS_DIR; };
		CAFCB53124E47BE0000A5AFF /* AppDelegate.swift */ = {isa = PBXFileReference; lastKnownFileType = sourcecode.swift; path = AppDelegate.swift; sourceTree = "<group>"; };
		CAFCB53324E47BE0000A5AFF /* SceneDelegate.swift */ = {isa = PBXFileReference; lastKnownFileType = sourcecode.swift; path = SceneDelegate.swift; sourceTree = "<group>"; };
		CAFCB53524E47BE0000A5AFF /* ViewController.swift */ = {isa = PBXFileReference; lastKnownFileType = sourcecode.swift; path = ViewController.swift; sourceTree = "<group>"; };
		CAFCB53824E47BE0000A5AFF /* Base */ = {isa = PBXFileReference; lastKnownFileType = file.storyboard; name = Base; path = Base.lproj/Main.storyboard; sourceTree = "<group>"; };
		CAFCB53A24E47BE3000A5AFF /* Assets.xcassets */ = {isa = PBXFileReference; lastKnownFileType = folder.assetcatalog; path = Assets.xcassets; sourceTree = "<group>"; };
		CAFCB53D24E47BE3000A5AFF /* Base */ = {isa = PBXFileReference; lastKnownFileType = file.storyboard; name = Base; path = Base.lproj/LaunchScreen.storyboard; sourceTree = "<group>"; };
		CAFCB53F24E47BE3000A5AFF /* Info.plist */ = {isa = PBXFileReference; lastKnownFileType = text.plist.xml; path = Info.plist; sourceTree = "<group>"; };
		CAFCB54424E47BE3000A5AFF /* iOS-PracticeTests.xctest */ = {isa = PBXFileReference; explicitFileType = wrapper.cfbundle; includeInIndex = 0; path = "iOS-PracticeTests.xctest"; sourceTree = BUILT_PRODUCTS_DIR; };
		CAFCB54824E47BE3000A5AFF /* iOS_PracticeTests.swift */ = {isa = PBXFileReference; lastKnownFileType = sourcecode.swift; path = iOS_PracticeTests.swift; sourceTree = "<group>"; };
		CAFCB54A24E47BE3000A5AFF /* Info.plist */ = {isa = PBXFileReference; lastKnownFileType = text.plist.xml; path = Info.plist; sourceTree = "<group>"; };
		CAFCB54F24E47BE3000A5AFF /* iOS-PracticeUITests.xctest */ = {isa = PBXFileReference; explicitFileType = wrapper.cfbundle; includeInIndex = 0; path = "iOS-PracticeUITests.xctest"; sourceTree = BUILT_PRODUCTS_DIR; };
		CAFCB55324E47BE3000A5AFF /* iOS_PracticeUITests.swift */ = {isa = PBXFileReference; lastKnownFileType = sourcecode.swift; path = iOS_PracticeUITests.swift; sourceTree = "<group>"; };
		CAFCB55524E47BE3000A5AFF /* Info.plist */ = {isa = PBXFileReference; lastKnownFileType = text.plist.xml; path = Info.plist; sourceTree = "<group>"; };
		CAFCB56224E47C5C000A5AFF /* FlypWelcome.storyboard */ = {isa = PBXFileReference; lastKnownFileType = file.storyboard; path = FlypWelcome.storyboard; sourceTree = "<group>"; };
/* End PBXFileReference section */

/* Begin PBXFrameworksBuildPhase section */
		CAFCB52B24E47BE0000A5AFF /* Frameworks */ = {
			isa = PBXFrameworksBuildPhase;
			buildActionMask = 2147483647;
			files = (
			);
			runOnlyForDeploymentPostprocessing = 0;
		};
		CAFCB54124E47BE3000A5AFF /* Frameworks */ = {
			isa = PBXFrameworksBuildPhase;
			buildActionMask = 2147483647;
			files = (
			);
			runOnlyForDeploymentPostprocessing = 0;
		};
		CAFCB54C24E47BE3000A5AFF /* Frameworks */ = {
			isa = PBXFrameworksBuildPhase;
			buildActionMask = 2147483647;
			files = (
			);
			runOnlyForDeploymentPostprocessing = 0;
		};
/* End PBXFrameworksBuildPhase section */

/* Begin PBXGroup section */
		CAFCB52524E47BE0000A5AFF = {
			isa = PBXGroup;
			children = (
				CAFCB56124E47BFF000A5AFF /* Views */,
				CAFCB53024E47BE0000A5AFF /* iOS-Practice */,
				CAFCB54724E47BE3000A5AFF /* iOS-PracticeTests */,
				CAFCB55224E47BE3000A5AFF /* iOS-PracticeUITests */,
				CAFCB52F24E47BE0000A5AFF /* Products */,
			);
			sourceTree = "<group>";
		};
		CAFCB52F24E47BE0000A5AFF /* Products */ = {
			isa = PBXGroup;
			children = (
				CAFCB52E24E47BE0000A5AFF /* iOS-Practice.app */,
				CAFCB54424E47BE3000A5AFF /* iOS-PracticeTests.xctest */,
				CAFCB54F24E47BE3000A5AFF /* iOS-PracticeUITests.xctest */,
			);
			name = Products;
			sourceTree = "<group>";
		};
		CAFCB53024E47BE0000A5AFF /* iOS-Practice */ = {
			isa = PBXGroup;
			children = (
				CAFCB53124E47BE0000A5AFF /* AppDelegate.swift */,
				CAFCB53324E47BE0000A5AFF /* SceneDelegate.swift */,
				CAFCB53524E47BE0000A5AFF /* ViewController.swift */,
				CAFCB53724E47BE0000A5AFF /* Main.storyboard */,
				CAFCB53A24E47BE3000A5AFF /* Assets.xcassets */,
				CAFCB53C24E47BE3000A5AFF /* LaunchScreen.storyboard */,
				CAFCB53F24E47BE3000A5AFF /* Info.plist */,
			);
			path = "iOS-Practice";
			sourceTree = "<group>";
		};
		CAFCB54724E47BE3000A5AFF /* iOS-PracticeTests */ = {
			isa = PBXGroup;
			children = (
				CAFCB54824E47BE3000A5AFF /* iOS_PracticeTests.swift */,
				CAFCB54A24E47BE3000A5AFF /* Info.plist */,
			);
			path = "iOS-PracticeTests";
			sourceTree = "<group>";
		};
		CAFCB55224E47BE3000A5AFF /* iOS-PracticeUITests */ = {
			isa = PBXGroup;
			children = (
				CAFCB55324E47BE3000A5AFF /* iOS_PracticeUITests.swift */,
				CAFCB55524E47BE3000A5AFF /* Info.plist */,
			);
			path = "iOS-PracticeUITests";
			sourceTree = "<group>";
		};
		CAFCB56124E47BFF000A5AFF /* Views */ = {
			isa = PBXGroup;
			children = (
				CAFCB56224E47C5C000A5AFF /* FlypWelcome.storyboard */,
				CA11571E24E6FD2F004BC67B /* Shopping.storyboard */,
			);
			path = Views;
			sourceTree = "<group>";
		};
/* End PBXGroup section */

/* Begin PBXNativeTarget section */
		CAFCB52D24E47BE0000A5AFF /* iOS-Practice */ = {
			isa = PBXNativeTarget;
			buildConfigurationList = CAFCB55824E47BE3000A5AFF /* Build configuration list for PBXNativeTarget "iOS-Practice" */;
			buildPhases = (
				CAFCB52A24E47BE0000A5AFF /* Sources */,
				CAFCB52B24E47BE0000A5AFF /* Frameworks */,
				CAFCB52C24E47BE0000A5AFF /* Resources */,
			);
			buildRules = (
			);
			dependencies = (
			);
			name = "iOS-Practice";
			productName = "iOS-Practice";
			productReference = CAFCB52E24E47BE0000A5AFF /* iOS-Practice.app */;
			productType = "com.apple.product-type.application";
		};
		CAFCB54324E47BE3000A5AFF /* iOS-PracticeTests */ = {
			isa = PBXNativeTarget;
			buildConfigurationList = CAFCB55B24E47BE3000A5AFF /* Build configuration list for PBXNativeTarget "iOS-PracticeTests" */;
			buildPhases = (
				CAFCB54024E47BE3000A5AFF /* Sources */,
				CAFCB54124E47BE3000A5AFF /* Frameworks */,
				CAFCB54224E47BE3000A5AFF /* Resources */,
			);
			buildRules = (
			);
			dependencies = (
				CAFCB54624E47BE3000A5AFF /* PBXTargetDependency */,
			);
			name = "iOS-PracticeTests";
			productName = "iOS-PracticeTests";
			productReference = CAFCB54424E47BE3000A5AFF /* iOS-PracticeTests.xctest */;
			productType = "com.apple.product-type.bundle.unit-test";
		};
		CAFCB54E24E47BE3000A5AFF /* iOS-PracticeUITests */ = {
			isa = PBXNativeTarget;
			buildConfigurationList = CAFCB55E24E47BE3000A5AFF /* Build configuration list for PBXNativeTarget "iOS-PracticeUITests" */;
			buildPhases = (
				CAFCB54B24E47BE3000A5AFF /* Sources */,
				CAFCB54C24E47BE3000A5AFF /* Frameworks */,
				CAFCB54D24E47BE3000A5AFF /* Resources */,
			);
			buildRules = (
			);
			dependencies = (
				CAFCB55124E47BE3000A5AFF /* PBXTargetDependency */,
			);
			name = "iOS-PracticeUITests";
			productName = "iOS-PracticeUITests";
			productReference = CAFCB54F24E47BE3000A5AFF /* iOS-PracticeUITests.xctest */;
			productType = "com.apple.product-type.bundle.ui-testing";
		};
/* End PBXNativeTarget section */

/* Begin PBXProject section */
		CAFCB52624E47BE0000A5AFF /* Project object */ = {
			isa = PBXProject;
			attributes = {
				LastSwiftUpdateCheck = 1200;
				LastUpgradeCheck = 1200;
				TargetAttributes = {
					CAFCB52D24E47BE0000A5AFF = {
						CreatedOnToolsVersion = 12.0;
					};
					CAFCB54324E47BE3000A5AFF = {
						CreatedOnToolsVersion = 12.0;
						TestTargetID = CAFCB52D24E47BE0000A5AFF;
					};
					CAFCB54E24E47BE3000A5AFF = {
						CreatedOnToolsVersion = 12.0;
						TestTargetID = CAFCB52D24E47BE0000A5AFF;
					};
				};
			};
			buildConfigurationList = CAFCB52924E47BE0000A5AFF /* Build configuration list for PBXProject "iOS-Practice" */;
			compatibilityVersion = "Xcode 9.3";
			developmentRegion = en;
			hasScannedForEncodings = 0;
			knownRegions = (
				en,
				Base,
			);
			mainGroup = CAFCB52524E47BE0000A5AFF;
			productRefGroup = CAFCB52F24E47BE0000A5AFF /* Products */;
			projectDirPath = "";
			projectRoot = "";
			targets = (
				CAFCB52D24E47BE0000A5AFF /* iOS-Practice */,
				CAFCB54324E47BE3000A5AFF /* iOS-PracticeTests */,
				CAFCB54E24E47BE3000A5AFF /* iOS-PracticeUITests */,
			);
		};
/* End PBXProject section */

/* Begin PBXResourcesBuildPhase section */
		CAFCB52C24E47BE0000A5AFF /* Resources */ = {
			isa = PBXResourcesBuildPhase;
			buildActionMask = 2147483647;
			files = (
				CAFCB56324E47C5C000A5AFF /* FlypWelcome.storyboard in Resources */,
				CAFCB53E24E47BE3000A5AFF /* LaunchScreen.storyboard in Resources */,
				CAFCB53B24E47BE3000A5AFF /* Assets.xcassets in Resources */,
				CA11571F24E6FD2F004BC67B /* Shopping.storyboard in Resources */,
				CAFCB53924E47BE0000A5AFF /* Main.storyboard in Resources */,
			);
			runOnlyForDeploymentPostprocessing = 0;
		};
		CAFCB54224E47BE3000A5AFF /* Resources */ = {
			isa = PBXResourcesBuildPhase;
			buildActionMask = 2147483647;
			files = (
			);
			runOnlyForDeploymentPostprocessing = 0;
		};
		CAFCB54D24E47BE3000A5AFF /* Resources */ = {
			isa = PBXResourcesBuildPhase;
			buildActionMask = 2147483647;
			files = (
			);
			runOnlyForDeploymentPostprocessing = 0;
		};
/* End PBXResourcesBuildPhase section */

/* Begin PBXSourcesBuildPhase section */
		CAFCB52A24E47BE0000A5AFF /* Sources */ = {
			isa = PBXSourcesBuildPhase;
			buildActionMask = 2147483647;
			files = (
				CAFCB53624E47BE0000A5AFF /* ViewController.swift in Sources */,
				CAFCB53224E47BE0000A5AFF /* AppDelegate.swift in Sources */,
				CAFCB53424E47BE0000A5AFF /* SceneDelegate.swift in Sources */,
			);
			runOnlyForDeploymentPostprocessing = 0;
		};
		CAFCB54024E47BE3000A5AFF /* Sources */ = {
			isa = PBXSourcesBuildPhase;
			buildActionMask = 2147483647;
			files = (
				CAFCB54924E47BE3000A5AFF /* iOS_PracticeTests.swift in Sources */,
			);
			runOnlyForDeploymentPostprocessing = 0;
		};
		CAFCB54B24E47BE3000A5AFF /* Sources */ = {
			isa = PBXSourcesBuildPhase;
			buildActionMask = 2147483647;
			files = (
				CAFCB55424E47BE3000A5AFF /* iOS_PracticeUITests.swift in Sources */,
			);
			runOnlyForDeploymentPostprocessing = 0;
		};
/* End PBXSourcesBuildPhase section */

/* Begin PBXTargetDependency section */
		CAFCB54624E47BE3000A5AFF /* PBXTargetDependency */ = {
			isa = PBXTargetDependency;
			target = CAFCB52D24E47BE0000A5AFF /* iOS-Practice */;
			targetProxy = CAFCB54524E47BE3000A5AFF /* PBXContainerItemProxy */;
		};
		CAFCB55124E47BE3000A5AFF /* PBXTargetDependency */ = {
			isa = PBXTargetDependency;
			target = CAFCB52D24E47BE0000A5AFF /* iOS-Practice */;
			targetProxy = CAFCB55024E47BE3000A5AFF /* PBXContainerItemProxy */;
		};
/* End PBXTargetDependency section */

/* Begin PBXVariantGroup section */
		CAFCB53724E47BE0000A5AFF /* Main.storyboard */ = {
			isa = PBXVariantGroup;
			children = (
				CAFCB53824E47BE0000A5AFF /* Base */,
			);
			name = Main.storyboard;
			sourceTree = "<group>";
		};
		CAFCB53C24E47BE3000A5AFF /* LaunchScreen.storyboard */ = {
			isa = PBXVariantGroup;
			children = (
				CAFCB53D24E47BE3000A5AFF /* Base */,
			);
			name = LaunchScreen.storyboard;
			sourceTree = "<group>";
		};
/* End PBXVariantGroup section */

/* Begin XCBuildConfiguration section */
		CAFCB55624E47BE3000A5AFF /* Debug */ = {
			isa = XCBuildConfiguration;
			buildSettings = {
				ALWAYS_SEARCH_USER_PATHS = NO;
				CLANG_ANALYZER_NONNULL = YES;
				CLANG_ANALYZER_NUMBER_OBJECT_CONVERSION = YES_AGGRESSIVE;
				CLANG_CXX_LANGUAGE_STANDARD = "gnu++14";
				CLANG_CXX_LIBRARY = "libc++";
				CLANG_ENABLE_MODULES = YES;
				CLANG_ENABLE_OBJC_ARC = YES;
				CLANG_ENABLE_OBJC_WEAK = YES;
				CLANG_WARN_BLOCK_CAPTURE_AUTORELEASING = YES;
				CLANG_WARN_BOOL_CONVERSION = YES;
				CLANG_WARN_COMMA = YES;
				CLANG_WARN_CONSTANT_CONVERSION = YES;
				CLANG_WARN_DEPRECATED_OBJC_IMPLEMENTATIONS = YES;
				CLANG_WARN_DIRECT_OBJC_ISA_USAGE = YES_ERROR;
				CLANG_WARN_DOCUMENTATION_COMMENTS = YES;
				CLANG_WARN_EMPTY_BODY = YES;
				CLANG_WARN_ENUM_CONVERSION = YES;
				CLANG_WARN_INFINITE_RECURSION = YES;
				CLANG_WARN_INT_CONVERSION = YES;
				CLANG_WARN_NON_LITERAL_NULL_CONVERSION = YES;
				CLANG_WARN_OBJC_IMPLICIT_RETAIN_SELF = YES;
				CLANG_WARN_OBJC_LITERAL_CONVERSION = YES;
				CLANG_WARN_OBJC_ROOT_CLASS = YES_ERROR;
				CLANG_WARN_QUOTED_INCLUDE_IN_FRAMEWORK_HEADER = YES;
				CLANG_WARN_RANGE_LOOP_ANALYSIS = YES;
				CLANG_WARN_STRICT_PROTOTYPES = YES;
				CLANG_WARN_SUSPICIOUS_MOVE = YES;
				CLANG_WARN_UNGUARDED_AVAILABILITY = YES_AGGRESSIVE;
				CLANG_WARN_UNREACHABLE_CODE = YES;
				CLANG_WARN__DUPLICATE_METHOD_MATCH = YES;
				COPY_PHASE_STRIP = NO;
				DEBUG_INFORMATION_FORMAT = dwarf;
				ENABLE_STRICT_OBJC_MSGSEND = YES;
				ENABLE_TESTABILITY = YES;
				GCC_C_LANGUAGE_STANDARD = gnu11;
				GCC_DYNAMIC_NO_PIC = NO;
				GCC_NO_COMMON_BLOCKS = YES;
				GCC_OPTIMIZATION_LEVEL = 0;
				GCC_PREPROCESSOR_DEFINITIONS = (
					"DEBUG=1",
					"$(inherited)",
				);
				GCC_WARN_64_TO_32_BIT_CONVERSION = YES;
				GCC_WARN_ABOUT_RETURN_TYPE = YES_ERROR;
				GCC_WARN_UNDECLARED_SELECTOR = YES;
				GCC_WARN_UNINITIALIZED_AUTOS = YES_AGGRESSIVE;
				GCC_WARN_UNUSED_FUNCTION = YES;
				GCC_WARN_UNUSED_VARIABLE = YES;
				IPHONEOS_DEPLOYMENT_TARGET = 14.0;
				MTL_ENABLE_DEBUG_INFO = INCLUDE_SOURCE;
				MTL_FAST_MATH = YES;
				ONLY_ACTIVE_ARCH = YES;
				SDKROOT = iphoneos;
				SWIFT_ACTIVE_COMPILATION_CONDITIONS = DEBUG;
				SWIFT_OPTIMIZATION_LEVEL = "-Onone";
			};
			name = Debug;
		};
		CAFCB55724E47BE3000A5AFF /* Release */ = {
			isa = XCBuildConfiguration;
			buildSettings = {
				ALWAYS_SEARCH_USER_PATHS = NO;
				CLANG_ANALYZER_NONNULL = YES;
				CLANG_ANALYZER_NUMBER_OBJECT_CONVERSION = YES_AGGRESSIVE;
				CLANG_CXX_LANGUAGE_STANDARD = "gnu++14";
				CLANG_CXX_LIBRARY = "libc++";
				CLANG_ENABLE_MODULES = YES;
				CLANG_ENABLE_OBJC_ARC = YES;
				CLANG_ENABLE_OBJC_WEAK = YES;
				CLANG_WARN_BLOCK_CAPTURE_AUTORELEASING = YES;
				CLANG_WARN_BOOL_CONVERSION = YES;
				CLANG_WARN_COMMA = YES;
				CLANG_WARN_CONSTANT_CONVERSION = YES;
				CLANG_WARN_DEPRECATED_OBJC_IMPLEMENTATIONS = YES;
				CLANG_WARN_DIRECT_OBJC_ISA_USAGE = YES_ERROR;
				CLANG_WARN_DOCUMENTATION_COMMENTS = YES;
				CLANG_WARN_EMPTY_BODY = YES;
				CLANG_WARN_ENUM_CONVERSION = YES;
				CLANG_WARN_INFINITE_RECURSION = YES;
				CLANG_WARN_INT_CONVERSION = YES;
				CLANG_WARN_NON_LITERAL_NULL_CONVERSION = YES;
				CLANG_WARN_OBJC_IMPLICIT_RETAIN_SELF = YES;
				CLANG_WARN_OBJC_LITERAL_CONVERSION = YES;
				CLANG_WARN_OBJC_ROOT_CLASS = YES_ERROR;
				CLANG_WARN_QUOTED_INCLUDE_IN_FRAMEWORK_HEADER = YES;
				CLANG_WARN_RANGE_LOOP_ANALYSIS = YES;
				CLANG_WARN_STRICT_PROTOTYPES = YES;
				CLANG_WARN_SUSPICIOUS_MOVE = YES;
				CLANG_WARN_UNGUARDED_AVAILABILITY = YES_AGGRESSIVE;
				CLANG_WARN_UNREACHABLE_CODE = YES;
				CLANG_WARN__DUPLICATE_METHOD_MATCH = YES;
				COPY_PHASE_STRIP = NO;
				DEBUG_INFORMATION_FORMAT = "dwarf-with-dsym";
				ENABLE_NS_ASSERTIONS = NO;
				ENABLE_STRICT_OBJC_MSGSEND = YES;
				GCC_C_LANGUAGE_STANDARD = gnu11;
				GCC_NO_COMMON_BLOCKS = YES;
				GCC_WARN_64_TO_32_BIT_CONVERSION = YES;
				GCC_WARN_ABOUT_RETURN_TYPE = YES_ERROR;
				GCC_WARN_UNDECLARED_SELECTOR = YES;
				GCC_WARN_UNINITIALIZED_AUTOS = YES_AGGRESSIVE;
				GCC_WARN_UNUSED_FUNCTION = YES;
				GCC_WARN_UNUSED_VARIABLE = YES;
				IPHONEOS_DEPLOYMENT_TARGET = 14.0;
				MTL_ENABLE_DEBUG_INFO = NO;
				MTL_FAST_MATH = YES;
				SDKROOT = iphoneos;
				SWIFT_COMPILATION_MODE = wholemodule;
				SWIFT_OPTIMIZATION_LEVEL = "-O";
				VALIDATE_PRODUCT = YES;
			};
			name = Release;
		};
		CAFCB55924E47BE3000A5AFF /* Debug */ = {
			isa = XCBuildConfiguration;
			buildSettings = {
				ASSETCATALOG_COMPILER_APPICON_NAME = AppIcon;
				ASSETCATALOG_COMPILER_GLOBAL_ACCENT_COLOR_NAME = AccentColor;
				CODE_SIGN_STYLE = Automatic;
				DEVELOPMENT_TEAM = EYTHSR6MP4;
				INFOPLIST_FILE = "iOS-Practice/Info.plist";
				IPHONEOS_DEPLOYMENT_TARGET = 13.0;
				LD_RUNPATH_SEARCH_PATHS = (
					"$(inherited)",
					"@executable_path/Frameworks",
				);
				PRODUCT_BUNDLE_IDENTIFIER = "Hamoonjm.iOS-Practice";
				PRODUCT_NAME = "$(TARGET_NAME)";
				SWIFT_VERSION = 5.0;
				TARGETED_DEVICE_FAMILY = "1,2";
			};
			name = Debug;
		};
		CAFCB55A24E47BE3000A5AFF /* Release */ = {
			isa = XCBuildConfiguration;
			buildSettings = {
				ASSETCATALOG_COMPILER_APPICON_NAME = AppIcon;
				ASSETCATALOG_COMPILER_GLOBAL_ACCENT_COLOR_NAME = AccentColor;
				CODE_SIGN_STYLE = Automatic;
				DEVELOPMENT_TEAM = EYTHSR6MP4;
				INFOPLIST_FILE = "iOS-Practice/Info.plist";
				IPHONEOS_DEPLOYMENT_TARGET = 13.0;
				LD_RUNPATH_SEARCH_PATHS = (
					"$(inherited)",
					"@executable_path/Frameworks",
				);
				PRODUCT_BUNDLE_IDENTIFIER = "Hamoonjm.iOS-Practice";
				PRODUCT_NAME = "$(TARGET_NAME)";
				SWIFT_VERSION = 5.0;
				TARGETED_DEVICE_FAMILY = "1,2";
			};
			name = Release;
		};
		CAFCB55C24E47BE3000A5AFF /* Debug */ = {
			isa = XCBuildConfiguration;
			buildSettings = {
				ALWAYS_EMBED_SWIFT_STANDARD_LIBRARIES = YES;
				BUNDLE_LOADER = "$(TEST_HOST)";
				CODE_SIGN_STYLE = Automatic;
				DEVELOPMENT_TEAM = EYTHSR6MP4;
				INFOPLIST_FILE = "iOS-PracticeTests/Info.plist";
				IPHONEOS_DEPLOYMENT_TARGET = 14.0;
				LD_RUNPATH_SEARCH_PATHS = (
					"$(inherited)",
					"@executable_path/Frameworks",
					"@loader_path/Frameworks",
				);
				PRODUCT_BUNDLE_IDENTIFIER = "Hamoonjm.iOS-PracticeTests";
				PRODUCT_NAME = "$(TARGET_NAME)";
				SWIFT_VERSION = 5.0;
				TARGETED_DEVICE_FAMILY = "1,2";
				TEST_HOST = "$(BUILT_PRODUCTS_DIR)/iOS-Practice.app/iOS-Practice";
			};
			name = Debug;
		};
		CAFCB55D24E47BE3000A5AFF /* Release */ = {
			isa = XCBuildConfiguration;
			buildSettings = {
				ALWAYS_EMBED_SWIFT_STANDARD_LIBRARIES = YES;
				BUNDLE_LOADER = "$(TEST_HOST)";
				CODE_SIGN_STYLE = Automatic;
				DEVELOPMENT_TEAM = EYTHSR6MP4;
				INFOPLIST_FILE = "iOS-PracticeTests/Info.plist";
				IPHONEOS_DEPLOYMENT_TARGET = 14.0;
				LD_RUNPATH_SEARCH_PATHS = (
					"$(inherited)",
					"@executable_path/Frameworks",
					"@loader_path/Frameworks",
				);
				PRODUCT_BUNDLE_IDENTIFIER = "Hamoonjm.iOS-PracticeTests";
				PRODUCT_NAME = "$(TARGET_NAME)";
				SWIFT_VERSION = 5.0;
				TARGETED_DEVICE_FAMILY = "1,2";
				TEST_HOST = "$(BUILT_PRODUCTS_DIR)/iOS-Practice.app/iOS-Practice";
			};
			name = Release;
		};
		CAFCB55F24E47BE3000A5AFF /* Debug */ = {
			isa = XCBuildConfiguration;
			buildSettings = {
				ALWAYS_EMBED_SWIFT_STANDARD_LIBRARIES = YES;
				CODE_SIGN_STYLE = Automatic;
				DEVELOPMENT_TEAM = EYTHSR6MP4;
				INFOPLIST_FILE = "iOS-PracticeUITests/Info.plist";
				LD_RUNPATH_SEARCH_PATHS = (
					"$(inherited)",
					"@executable_path/Frameworks",
					"@loader_path/Frameworks",
				);
				PRODUCT_BUNDLE_IDENTIFIER = "Hamoonjm.iOS-PracticeUITests";
				PRODUCT_NAME = "$(TARGET_NAME)";
				SWIFT_VERSION = 5.0;
				TARGETED_DEVICE_FAMILY = "1,2";
				TEST_TARGET_NAME = "iOS-Practice";
			};
			name = Debug;
		};
		CAFCB56024E47BE3000A5AFF /* Release */ = {
			isa = XCBuildConfiguration;
			buildSettings = {
				ALWAYS_EMBED_SWIFT_STANDARD_LIBRARIES = YES;
				CODE_SIGN_STYLE = Automatic;
				DEVELOPMENT_TEAM = EYTHSR6MP4;
				INFOPLIST_FILE = "iOS-PracticeUITests/Info.plist";
				LD_RUNPATH_SEARCH_PATHS = (
					"$(inherited)",
					"@executable_path/Frameworks",
					"@loader_path/Frameworks",
				);
				PRODUCT_BUNDLE_IDENTIFIER = "Hamoonjm.iOS-PracticeUITests";
				PRODUCT_NAME = "$(TARGET_NAME)";
				SWIFT_VERSION = 5.0;
				TARGETED_DEVICE_FAMILY = "1,2";
				TEST_TARGET_NAME = "iOS-Practice";
			};
			name = Release;
		};
/* End XCBuildConfiguration section */

/* Begin XCConfigurationList section */
		CAFCB52924E47BE0000A5AFF /* Build configuration list for PBXProject "iOS-Practice" */ = {
			isa = XCConfigurationList;
			buildConfigurations = (
				CAFCB55624E47BE3000A5AFF /* Debug */,
				CAFCB55724E47BE3000A5AFF /* Release */,
			);
			defaultConfigurationIsVisible = 0;
			defaultConfigurationName = Release;
		};
		CAFCB55824E47BE3000A5AFF /* Build configuration list for PBXNativeTarget "iOS-Practice" */ = {
			isa = XCConfigurationList;
			buildConfigurations = (
				CAFCB55924E47BE3000A5AFF /* Debug */,
				CAFCB55A24E47BE3000A5AFF /* Release */,
			);
			defaultConfigurationIsVisible = 0;
			defaultConfigurationName = Release;
		};
		CAFCB55B24E47BE3000A5AFF /* Build configuration list for PBXNativeTarget "iOS-PracticeTests" */ = {
			isa = XCConfigurationList;
			buildConfigurations = (
				CAFCB55C24E47BE3000A5AFF /* Debug */,
				CAFCB55D24E47BE3000A5AFF /* Release */,
			);
			defaultConfigurationIsVisible = 0;
			defaultConfigurationName = Release;
		};
		CAFCB55E24E47BE3000A5AFF /* Build configuration list for PBXNativeTarget "iOS-PracticeUITests" */ = {
			isa = XCConfigurationList;
			buildConfigurations = (
				CAFCB55F24E47BE3000A5AFF /* Debug */,
				CAFCB56024E47BE3000A5AFF /* Release */,
			);
			defaultConfigurationIsVisible = 0;
			defaultConfigurationName = Release;
		};
/* End XCConfigurationList section */
	};
	rootObject = CAFCB52624E47BE0000A5AFF /* Project object */;
}
